github.com/chromedp/cdproto v0.0.0-20241022234722-4d5d5faf59fb h1:noKVm2SsG4v0Yd0lHNtFYc9EUxIVvrr4kJ6hM8wvIYU=
github.com/chromedp/cdproto v0.0.0-20241022234722-4d5d5faf59fb/go.mod h1:4XqMl3iIW08jtieURWL6Tt5924w21pxirC6th662XUM=
github.com/chromedp/chromedp v0.11.2 h1:ZRHTh7DjbNTlfIv3NFTbB7eVeu5XCNkgrpcGSpn2oX0=
github.com/chromedp/chromedp v0.11.2/go.mod h1:lr8dFRLKsdTTWb75C/Ttol2vnBKOSnt0BW8R9Xaupi8=
github.com/chromedp/sysutil v1.1.0 h1:PUFNv5EcprjqXZD9nJb9b/c9ibAbxiYo4exNWZyipwM=
github.com/chromedp/sysutil v1.1.0/go.mod h1:WiThHUdltqCNKGc4gaU50XgYjwjYIhKWoHGPTUfWTJ8=
github.com/disintegration/imaging v1.6.2 h1:w1LecBlG2Lnp8B3jk5zSuNqd7b4DXhcjwek1ei82L+c=
github.com/disintegration/imaging v1.6.2/go.mod h1:44/5580QXChDfwIclfc/PCwrr44amcmDAg8hxG0Ewe4=
github.com/emersion/go-ical v0.0.0-20240127095438-fc1c9d8fb2b6/go.mod h1:BEksegNspIkjCQfmzWgsgbu6KdeJ/4LwUZs7DMBzjzw=
github.com/emersion/go-ical v0.0.0-20250609112844-439c63cef608 h1:5XWaET4YAcppq3l1/Yh2ay5VmQjUdq6qhJuucdGbmOY=
github.com/emersion/go-ical v0.0.0-20250609112844-439c63cef608/go.mod h1:BEksegNspIkjCQfmzWgsgbu6KdeJ/4LwUZs7DMBzjzw=
github.com/emersion/go-vcard v0.0.0-20230815062825-8fda7d206ec9/go.mod h1:HMJKR5wlh/ziNp+sHEDV2ltblO4JD2+IdDOWtGcQBTM=
github.com/emersion/go-webdav v0.7.0 h1:cp6aBWXBf8Sjzguka9VJarr4XTkGc2IHxXI1Gq3TKpA=
github.com/emersion/go-webdav v0.7.0/go.mod h1:mI8iBx3RAODwX7PJJ7qzsKAKs/vY429YfS2/9wKnDbQ=
github.com/gobwas/httphead v0.1.0 h1:exrUm0f4YX0L7EBwZHuCF4GDp8aJfVeBrlLQrs6NqWU=
github.com/gobwas/httphead v0.1.0/go.mod h1:O/RXo79gxV8G+RqlR/otEwx4Q36zl9rqC5u12GKvMCM=
github.com/gobwas/pool v0.2.1 h1:xfeeEhW7pwmX8nuLVlqbzVc7udMDrwetjEv+TZIz1og=
github.com/gobwas/pool v0.2.1/go.mod h1:q8bcK0KcYlCgd9e7WYLm9LpyS+YeLd8JVDW6WezmKEw=
github.com/gobwas/ws v1.4.0 h1:CTaoG1tojrh4ucGPcoJFiAQUAsEWekEWvLy7GsVNqGs=
github.com/gobwas/ws v1.4.0/go.mod h1:G3gNqMNtPppf5XUz7O4shetPpcZ1VJ7zt18dlUeakrc=
github.com/jeffereydecker/blazemarker/blaze_db v0.0.1 h1:aDuZoPzf3Jcq+1Fg1ybRB/6QAfIyRDV/tgjTTgCtyWc=
github.com/jeffereydecker/blazemarker/blaze_db v0.0.1/go.mod h1:ii0J2vgsdE78Tk2SDE7JTFMwZJfjOvBvxBBsND2+6kU=
github.com/jeffereydecker/blazemarker/blaze_log v0.0.0-20240721023413-f4c6ed51da8c h1:2jjiWaPDAIPB/Ut9dTbKw4/TfUysZyIt71VBeRZn5ZQ=
github.com/jeffereydecker/blazemarker/blaze_log v0.0.0-20240721023413-f4c6ed51da8c/go.mod h1:AxMZ9nPdqJWbvmZwj0dcIBX7WAoNLqxc/AtYcMRvgL4=
github.com/jeffereydecker/blazemarker/blaze_log v0.0.1 h1:gu4QhWgHiGNWn5XzdLbD0fcbchkdRVELMYrhlmfeoI0=
github.com/jeffereydecker/blazemarker/blaze_log v0.0.1/go.mod h1:HpCFydXNUKMRJwhn+1XLndA8OCHYcmXMaCKl4KqAkWo=
github.com/jeffereydecker/blazemarker/blog_db v0.0.0-20240721140226-fd4ad63d62d4 h1:b8gPzhRiG3JD/7UpjlS1pLiJW29QJtffUKiNuizz4uY=
github.com/jeffereydecker/blazemarker/blog_db v0.0.0-20240721140226-fd4ad63d62d4/go.mod h1:FejrnwZt2wh8bTKcQqxrTgXjbmMJcph3TX95lRNo9Hc=
github.com/jeffereydecker/blazemarker/calendar_db v0.0.1 h1:Y1PF3zXdOmAi7yGf6k7S9Sxcs+gv50dV+r3y5ajuD1o=
github.com/jeffereydecker/blazemarker/calendar_db v0.0.1/go.mod h1:9YdiSV6YZky9xi0aE41qDnB3rsXdGQV4hZ7qPZueuEQ=
github.com/jeffereydecker/blazemarker/chat_db v0.0.1 h1:nU/QHNyjMLDJIXnPmt4IeFDDAMlBwcIJ2BukJrhkKOw=
github.com/jeffereydecker/blazemarker/chat_db v0.0.1/go.mod h1:DDt15K8Ce2J+VJZWhdz6pghLcopQ1/zR0+qu3F3z4Qg=
github.com/jeffereydecker/blazemarker/gallery_db v0.0.0-20240721140226-fd4ad63d62d4 h1:7axuoSqO2fb2j5E1EkK+QNZ6/RMeb6c4B7E3rZTZ/Xw=
github.com/jeffereydecker/blazemarker/gallery_db v0.0.0-20240721140226-fd4ad63d62d4/go.mod h1:qUT47m01J7b8u/zMIEzgPKIE3OTmUJqHGhwqOHFLcsY=
github.com/jeffereydecker/blazemarker/gallery_db v0.0.1 h1:/wqnbmAvD062tN/zOg7qlDmDZI2WPQ1RWxngJyXAZEs=
github.com/jeffereydecker/blazemarker/gallery_db v0.0.1/go.mod h1:ouO1Oq0Vjih5Hm01S19PMTD4spk6fj9DdQ6clI4SZr4=
github.com/jeffereydecker/blazemarker/mud_bridge v0.0.1 h1:+p/iLuB2ioS/iM+1N/Tw4kLlck27iK9RHqAor1oZNeQ=
github.com/jeffereydecker/blazemarker/mud_bridge v0.0.1/go.mod h1:KXnwZ7Vm1lcUVjl9eP0t+QSWkfP38DwwqLWygAQhNbM=
github.com/jeffereydecker/blazemarker/mud_client v0.0.0-20260118020357-8497dd466116 h1:tgbCVlZsxH4JqjHQ7L3QstYIhGb1CBelmnWtOX36nmw=
github.com/jeffereydecker/blazemarker/mud_client v0.0.0-20260118020357-8497dd466116/go.mod h1:X69kb2PzyJ8UUbsabhjLinhdpMO/u6KyHNtpIjdQ0yg=
github.com/jeffereydecker/blazemarker/mud_client v0.0.1 h1:HSAfzovrhITzm4XBB45F6bosqZLCb9s9OISjHjKrBx0=
github.com/jeffereydecker/blazemarker/mud_client v0.0.1/go.mod h1:hk0Md7Y07jConTOAV62/2oDoAl2YR+BcxMWr45K2Ruw=
github.com/jeffereydecker/blazemarker/push_db v0.0.1 h1:oJWQYmhAsxTrmcboQWm6XwDVdzcNznTDQS9z8nhICNQ=
github.com/jeffereydecker/blazemarker/push_db v0.0.1/go.mod h1:b6vli2JAwWP2+vQADn7CW7wLwkxqVe41HPOZsVy8QYo=
github.com/jeffereydecker/blazemarker/user_db v0.0.1 h1:AdkFwrCyhQSOgGqowX5Y+qmHvaeGAynCECPbSsyCuf8=
github.com/jeffereydecker/blazemarker/user_db v0.0.1/go.mod h1:ggp1b7xK2uivaQzHMp23kE0X9uozDcf1bsviszLx45A=
github.com/jinzhu/inflection v1.0.0 h1:K317FqzuhWc8YvSVlFMCCUb36O/S9MCKRDI7QkRKD/E=
github.com/jinzhu/inflection v1.0.0/go.mod h1:h+uFLlag+Qp1Va5pdKtLDYj+kHp5pxUVkryuEj+Srlc=
github.com/jinzhu/now v1.1.5 h1:/o9tlHleP7gOFmsnYNz3RGnqzefHA47wQpKrrdTIwXQ=
github.com/jinzhu/now v1.1.5/go.mod h1:d3SSVoowX0Lcu0IBviAWJpolVfI5UJVZZ7cO71lE/z8=
github.com/josharian/intern v1.0.0 h1:vlS4z54oSdjm0bgjRigI+G1HpF+tI+9rE5LLzOg8HmY=
github.com/josharian/intern v1.0.0/go.mod h1:5DoeVV0s6jJacbCEi61lwdGj/aVlrQvzHFFd8Hwg//Y=
github.com/mailru/easyjson v0.7.7 h1:UGYAvKxe3sBsEDzO8ZeWOSlIQfWFlxbzLZe7hwFURr0=
github.com/mailru/easyjson v0.7.7/go.mod h1:xzfreul335JAWq5oZzymOObrkdz5UnU4kGfJJLY9Nlc=
github.com/mattn/go-sqlite3 v1.14.22 h1:2gZY6PC6kBnID23Tichd1K+Z0oS6nE/XwU+Vz/5o4kU=
github.com/mattn/go-sqlite3 v1.14.22/go.mod h1:Uh1q+B4BYcTPb+yiD3kU8Ct7aC0hY9fxUwlHK0RXw+Y=
github.com/teambition/rrule-go v1.8.2 h1:lIjpjvWTj9fFUZCmuoVDrKVOtdiyzbzc93qTmRVe/J8=
github.com/teambition/rrule-go v1.8.2/go.mod h1:Ieq5AbrKGciP1V//Wq8ktsTXwSwJHDD5mD/wLBGl3p4=
golang.org/x/image v0.0.0-20191009234506-e7c1f5e7dbb8/go.mod h1:FeLwcggjj3mMvU+oOTbSwawSJRM1uh48EjtB4UJZlP0=
golang.org/x/image v0.18.0 h1:jGzIakQa/ZXI1I0Fxvaa9W7yP25TqT6cHIHn+6CqvSQ=
golang.org/x/image v0.18.0/go.mod h1:4yyo5vMFQjVjUcVk4jEQcU9MGy/rulF5WvUILseCM2E=
golang.org/x/sys v0.6.0/go.mod h1:oPkhp1MJrh7nUepCBck5+mAzfO9JrbApNNgaTdGDITg=
golang.org/x/sys v0.26.0 h1:KHjCJyddX0LoSTb3J+vWpupP9p0oznkqVk/IfjymZbo=
golang.org/x/sys v0.26.0/go.mod h1:/VUhepiaJMQUp4+oa/7Zr1D23ma6VTLIYjOOTFZPUcA=
golang.org/x/text v0.3.0/go.mod h1:NqM8EUOU14njkJ3fqMW+pc6Ldnwhi/IjpwHt7yyuwOQ=
golang.org/x/text v0.16.0 h1:a94ExnEXNtEwYLGJSIUxnWoxoRz/ZcCsV63ROupILh4=
golang.org/x/text v0.16.0/go.mod h1:GhwF1Be+LQoKShO3cGOHzqOgRrGaYc9AvblQOmPVHnI=
golang.org/x/text v0.20.0 h1:gK/Kv2otX8gz+wn7Rmb3vT96ZwuoxnQlY+HlJVj7Qug=
golang.org/x/text v0.20.0/go.mod h1:D4IsuqiFMhST5bX19pQ9ikHC2GsaKyk/oF+pn3ducp4=
gorm.io/driver/sqlite v1.5.6 h1:fO/X46qn5NUEEOZtnjJRWRzZMe8nqJiQ9E+0hi+hKQE=
gorm.io/driver/sqlite v1.5.6/go.mod h1:U+J8craQU6Fzkcvu8oLeAQmi50TkwPEhHDEjQZXDah4=
gorm.io/driver/sqlite v1.6.0 h1:WHRRrIiulaPiPFmDcod6prc4l2VGVWHz80KspNsxSfQ=
gorm.io/driver/sqlite v1.6.0/go.mod h1:AO9V1qIQddBESngQUKWL9yoH93HIeA1X6V633rBwyT8=
gorm.io/gorm v1.25.11 h1:/Wfyg1B/je1hnDx3sMkX+gAlxrlZpn6X0BXRlwXlvHg=
gorm.io/gorm v1.25.11/go.mod h1:xh7N7RHfYlNc5EmcI/El95gXusucDrQnHXe0+CgWcLQ=
gorm.io/gorm v1.25.12 h1:I0u8i2hWQItBq1WfE0o2+WuL9+8L21K9e2HHSTE/0f8=
gorm.io/gorm v1.25.12/go.mod h1:xh7N7RHfYlNc5EmcI/El95gXusucDrQnHXe0+CgWcLQ=
gorm.io/gorm v1.31.1 h1:7CA8FTFz/gRfgqgpeKIBcervUn3xSyPUmr6B2WXJ7kg=
gorm.io/gorm v1.31.1/go.mod h1:XyQVbO2k6YkOis7C2437jSit3SsDK72s7n7rsSHd+Gs=
